# generated by rye
# use `rye lock` or `rye sync` to update this lockfile
#
# last locked with the following flags:
#   pre: false
#   features: []
#   all-features: false
#   with-sources: false
#   generate-hashes: false
#   universal: false

-e file:.
black==24.8.0
blinker==1.8.2
    # via flask
click==8.1.8
    # via black
    # via flask
exceptiongroup==1.2.2
    # via pytest
flask==3.0.3
    # via calc-api
greenlet==3.1.1
    # via pynvim
importlib-metadata==8.5.0
    # via flask
iniconfig==2.1.0
    # via pytest
isort==5.13.2
itsdangerous==2.2.0
    # via flask
jinja2==3.1.6
    # via flask
markupsafe==2.1.5
    # via jinja2
    # via werkzeug
msgpack==1.1.0
    # via pynvim
mypy-extensions==1.0.0
    # via black
packaging==24.2
    # via black
    # via pytest
pathspec==0.12.1
    # via black
platformdirs==4.3.6
    # via black
pluggy==1.5.0
    # via pytest
pynvim==0.5.2
pytest==8.3.5
tomli==2.2.1
    # via black
    # via pytest
typing-extensions==4.12.2
    # via black
    # via pynvim
werkzeug==3.0.6
    # via flask
zipp==3.20.2
    # via importlib-metadata
